// !$*UTF8*$!
{
	archiveVersion = 1;
	classes = {
	};
	objectVersion = 45;
	objects = {

/* Begin PBXBuildFile section */
		111ECA04113CA572001F9C71 /* _DRModel.m in Sources */ = {isa = PBXBuildFile; fileRef = 111EC9FA113CA572001F9C71 /* _DRModel.m */; };
		111ECA05113CA572001F9C71 /* DRGetImageOperation.m in Sources */ = {isa = PBXBuildFile; fileRef = 111EC9FC113CA572001F9C71 /* DRGetImageOperation.m */; };
		111ECA06113CA572001F9C71 /* DRGetJSONOperation.m in Sources */ = {isa = PBXBuildFile; fileRef = 111EC9FE113CA572001F9C71 /* DRGetJSONOperation.m */; };
		111ECA07113CA572001F9C71 /* DRModel.m in Sources */ = {isa = PBXBuildFile; fileRef = 111ECA00113CA572001F9C71 /* DRModel.m */; };
		111ECA16113CA596001F9C71 /* NSObject+SBJSON.m in Sources */ = {isa = PBXBuildFile; fileRef = 111ECA0B113CA596001F9C71 /* NSObject+SBJSON.m */; };
		111ECA17113CA596001F9C71 /* NSString+SBJSON.m in Sources */ = {isa = PBXBuildFile; fileRef = 111ECA0D113CA596001F9C71 /* NSString+SBJSON.m */; };
		111ECA18113CA596001F9C71 /* SBJSON.m in Sources */ = {isa = PBXBuildFile; fileRef = 111ECA0F113CA596001F9C71 /* SBJSON.m */; };
		111ECA19113CA596001F9C71 /* SBJsonBase.m in Sources */ = {isa = PBXBuildFile; fileRef = 111ECA11113CA596001F9C71 /* SBJsonBase.m */; };
		111ECA1A113CA596001F9C71 /* SBJsonParser.m in Sources */ = {isa = PBXBuildFile; fileRef = 111ECA13113CA596001F9C71 /* SBJsonParser.m */; };
		111ECA1B113CA596001F9C71 /* SBJsonWriter.m in Sources */ = {isa = PBXBuildFile; fileRef = 111ECA15113CA596001F9C71 /* SBJsonWriter.m */; };
		111ECAB2113CADC0001F9C71 /* error-loading.png in Resources */ = {isa = PBXBuildFile; fileRef = 111ECAB1113CADC0001F9C71 /* error-loading.png */; };
		1D3623260D0F684500981E51 /* TestProjectAppDelegate.m in Sources */ = {isa = PBXBuildFile; fileRef = 1D3623250D0F684500981E51 /* TestProjectAppDelegate.m */; };
		1D60589B0D05DD56006BFB54 /* main.m in Sources */ = {isa = PBXBuildFile; fileRef = 29B97316FDCFA39411CA2CEA /* main.m */; };
		1D60589F0D05DD5A006BFB54 /* Foundation.framework in Frameworks */ = {isa = PBXBuildFile; fileRef = 1D30AB110D05D00D00671497 /* Foundation.framework */; };
		1DF5F4E00D08C38300B7A737 /* UIKit.framework in Frameworks */ = {isa = PBXBuildFile; fileRef = 1DF5F4DF0D08C38300B7A737 /* UIKit.framework */; };
		288765A50DF7441C002DB57D /* CoreGraphics.framework in Frameworks */ = {isa = PBXBuildFile; fileRef = 288765A40DF7441C002DB57D /* CoreGraphics.framework */; };
		2899E5220DE3E06400AC0155 /* TestProjectViewController.xib in Resources */ = {isa = PBXBuildFile; fileRef = 2899E5210DE3E06400AC0155 /* TestProjectViewController.xib */; };
		28AD733F0D9D9553002E5188 /* MainWindow.xib in Resources */ = {isa = PBXBuildFile; fileRef = 28AD733E0D9D9553002E5188 /* MainWindow.xib */; };
		28D7ACF80DDB3853001CB0EB /* TestProjectViewController.m in Sources */ = {isa = PBXBuildFile; fileRef = 28D7ACF70DDB3853001CB0EB /* TestProjectViewController.m */; };
/* End PBXBuildFile section */

/* Begin PBXFileReference section */
		111EC9F9113CA572001F9C71 /* _DRModel.h */ = {isa = PBXFileReference; fileEncoding = 4; lastKnownFileType = sourcecode.c.h; path = _DRModel.h; sourceTree = "<group>"; };
		111EC9FA113CA572001F9C71 /* _DRModel.m */ = {isa = PBXFileReference; fileEncoding = 4; lastKnownFileType = sourcecode.c.objc; path = _DRModel.m; sourceTree = "<group>"; };
		111EC9FB113CA572001F9C71 /* DRGetImageOperation.h */ = {isa = PBXFileReference; fileEncoding = 4; lastKnownFileType = sourcecode.c.h; path = DRGetImageOperation.h; sourceTree = "<group>"; };
		111EC9FC113CA572001F9C71 /* DRGetImageOperation.m */ = {isa = PBXFileReference; fileEncoding = 4; lastKnownFileType = sourcecode.c.objc; path = DRGetImageOperation.m; sourceTree = "<group>"; };
		111EC9FD113CA572001F9C71 /* DRGetJSONOperation.h */ = {isa = PBXFileReference; fileEncoding = 4; lastKnownFileType = sourcecode.c.h; path = DRGetJSONOperation.h; sourceTree = "<group>"; };
		111EC9FE113CA572001F9C71 /* DRGetJSONOperation.m */ = {isa = PBXFileReference; fileEncoding = 4; lastKnownFileType = sourcecode.c.objc; path = DRGetJSONOperation.m; sourceTree = "<group>"; };
		111EC9FF113CA572001F9C71 /* DRModel.h */ = {isa = PBXFileReference; fileEncoding = 4; lastKnownFileType = sourcecode.c.h; path = DRModel.h; sourceTree = "<group>"; };
		111ECA00113CA572001F9C71 /* DRModel.m */ = {isa = PBXFileReference; fileEncoding = 4; lastKnownFileType = sourcecode.c.objc; path = DRModel.m; sourceTree = "<group>"; };
		111ECA01113CA572001F9C71 /* DRModelConstants.h */ = {isa = PBXFileReference; fileEncoding = 4; lastKnownFileType = sourcecode.c.h; path = DRModelConstants.h; sourceTree = "<group>"; };
		111ECA02113CA572001F9C71 /* SynthesizeSingleton.h */ = {isa = PBXFileReference; fileEncoding = 4; lastKnownFileType = sourcecode.c.h; path = SynthesizeSingleton.h; sourceTree = "<group>"; };
		111ECA09113CA596001F9C71 /* JSON.h */ = {isa = PBXFileReference; fileEncoding = 4; lastKnownFileType = sourcecode.c.h; path = JSON.h; sourceTree = "<group>"; };
		111ECA0A113CA596001F9C71 /* NSObject+SBJSON.h */ = {isa = PBXFileReference; fileEncoding = 4; lastKnownFileType = sourcecode.c.h; path = "NSObject+SBJSON.h"; sourceTree = "<group>"; };
		111ECA0B113CA596001F9C71 /* NSObject+SBJSON.m */ = {isa = PBXFileReference; fileEncoding = 4; lastKnownFileType = sourcecode.c.objc; path = "NSObject+SBJSON.m"; sourceTree = "<group>"; };
		111ECA0C113CA596001F9C71 /* NSString+SBJSON.h */ = {isa = PBXFileReference; fileEncoding = 4; lastKnownFileType = sourcecode.c.h; path = "NSString+SBJSON.h"; sourceTree = "<group>"; };
		111ECA0D113CA596001F9C71 /* NSString+SBJSON.m */ = {isa = PBXFileReference; fileEncoding = 4; lastKnownFileType = sourcecode.c.objc; path = "NSString+SBJSON.m"; sourceTree = "<group>"; };
		111ECA0E113CA596001F9C71 /* SBJSON.h */ = {isa = PBXFileReference; fileEncoding = 4; lastKnownFileType = sourcecode.c.h; path = SBJSON.h; sourceTree = "<group>"; };
		111ECA0F113CA596001F9C71 /* SBJSON.m */ = {isa = PBXFileReference; fileEncoding = 4; lastKnownFileType = sourcecode.c.objc; path = SBJSON.m; sourceTree = "<group>"; };
		111ECA10113CA596001F9C71 /* SBJsonBase.h */ = {isa = PBXFileReference; fileEncoding = 4; lastKnownFileType = sourcecode.c.h; path = SBJsonBase.h; sourceTree = "<group>"; };
		111ECA11113CA596001F9C71 /* SBJsonBase.m */ = {isa = PBXFileReference; fileEncoding = 4; lastKnownFileType = sourcecode.c.objc; path = SBJsonBase.m; sourceTree = "<group>"; };
		111ECA12113CA596001F9C71 /* SBJsonParser.h */ = {isa = PBXFileReference; fileEncoding = 4; lastKnownFileType = sourcecode.c.h; path = SBJsonParser.h; sourceTree = "<group>"; };
		111ECA13113CA596001F9C71 /* SBJsonParser.m */ = {isa = PBXFileReference; fileEncoding = 4; lastKnownFileType = sourcecode.c.objc; path = SBJsonParser.m; sourceTree = "<group>"; };
		111ECA14113CA596001F9C71 /* SBJsonWriter.h */ = {isa = PBXFileReference; fileEncoding = 4; lastKnownFileType = sourcecode.c.h; path = SBJsonWriter.h; sourceTree = "<group>"; };
		111ECA15113CA596001F9C71 /* SBJsonWriter.m */ = {isa = PBXFileReference; fileEncoding = 4; lastKnownFileType = sourcecode.c.objc; path = SBJsonWriter.m; sourceTree = "<group>"; };
		111ECAB1113CADC0001F9C71 /* error-loading.png */ = {isa = PBXFileReference; lastKnownFileType = image.png; path = "error-loading.png"; sourceTree = "<group>"; };
		1D30AB110D05D00D00671497 /* Foundation.framework */ = {isa = PBXFileReference; lastKnownFileType = wrapper.framework; name = Foundation.framework; path = System/Library/Frameworks/Foundation.framework; sourceTree = SDKROOT; };
		1D3623240D0F684500981E51 /* TestProjectAppDelegate.h */ = {isa = PBXFileReference; fileEncoding = 4; lastKnownFileType = sourcecode.c.h; path = TestProjectAppDelegate.h; sourceTree = "<group>"; };
		1D3623250D0F684500981E51 /* TestProjectAppDelegate.m */ = {isa = PBXFileReference; fileEncoding = 4; lastKnownFileType = sourcecode.c.objc; path = TestProjectAppDelegate.m; sourceTree = "<group>"; };
		1D6058910D05DD3D006BFB54 /* TestProject.app */ = {isa = PBXFileReference; explicitFileType = wrapper.application; includeInIndex = 0; path = TestProject.app; sourceTree = BUILT_PRODUCTS_DIR; };
		1DF5F4DF0D08C38300B7A737 /* UIKit.framework */ = {isa = PBXFileReference; lastKnownFileType = wrapper.framework; name = UIKit.framework; path = System/Library/Frameworks/UIKit.framework; sourceTree = SDKROOT; };
		288765A40DF7441C002DB57D /* CoreGraphics.framework */ = {isa = PBXFileReference; lastKnownFileType = wrapper.framework; name = CoreGraphics.framework; path = System/Library/Frameworks/CoreGraphics.framework; sourceTree = SDKROOT; };
		2899E5210DE3E06400AC0155 /* TestProjectViewController.xib */ = {isa = PBXFileReference; lastKnownFileType = file.xib; path = TestProjectViewController.xib; sourceTree = "<group>"; };
		28AD733E0D9D9553002E5188 /* MainWindow.xib */ = {isa = PBXFileReference; lastKnownFileType = file.xib; path = MainWindow.xib; sourceTree = "<group>"; };
		28D7ACF60DDB3853001CB0EB /* TestProjectViewController.h */ = {isa = PBXFileReference; fileEncoding = 4; lastKnownFileType = sourcecode.c.h; path = TestProjectViewController.h; sourceTree = "<group>"; };
		28D7ACF70DDB3853001CB0EB /* TestProjectViewController.m */ = {isa = PBXFileReference; fileEncoding = 4; lastKnownFileType = sourcecode.c.objc; path = TestProjectViewController.m; sourceTree = "<group>"; };
		29B97316FDCFA39411CA2CEA /* main.m */ = {isa = PBXFileReference; fileEncoding = 4; lastKnownFileType = sourcecode.c.objc; path = main.m; sourceTree = "<group>"; };
		32CA4F630368D1EE00C91783 /* TestProject_Prefix.pch */ = {isa = PBXFileReference; fileEncoding = 4; lastKnownFileType = sourcecode.c.h; path = TestProject_Prefix.pch; sourceTree = "<group>"; };
		8D1107310486CEB800E47090 /* TestProject-Info.plist */ = {isa = PBXFileReference; fileEncoding = 4; lastKnownFileType = text.plist.xml; path = "TestProject-Info.plist"; plistStructureDefinitionIdentifier = "com.apple.xcode.plist.structure-definition.iphone.info-plist"; sourceTree = "<group>"; };
/* End PBXFileReference section */

/* Begin PBXFrameworksBuildPhase section */
		1D60588F0D05DD3D006BFB54 /* Frameworks */ = {
			isa = PBXFrameworksBuildPhase;
			buildActionMask = 2147483647;
			files = (
				1D60589F0D05DD5A006BFB54 /* Foundation.framework in Frameworks */,
				1DF5F4E00D08C38300B7A737 /* UIKit.framework in Frameworks */,
				288765A50DF7441C002DB57D /* CoreGraphics.framework in Frameworks */,
			);
			runOnlyForDeploymentPostprocessing = 0;
		};
/* End PBXFrameworksBuildPhase section */

/* Begin PBXGroup section */
		080E96DDFE201D6D7F000001 /* Classes */ = {
			isa = PBXGroup;
			children = (
				111ECA08113CA596001F9C71 /* JSON */,
				111EC9F8113CA572001F9C71 /* DRModel */,
				1D3623240D0F684500981E51 /* TestProjectAppDelegate.h */,
				1D3623250D0F684500981E51 /* TestProjectAppDelegate.m */,
				28D7ACF60DDB3853001CB0EB /* TestProjectViewController.h */,
				28D7ACF70DDB3853001CB0EB /* TestProjectViewController.m */,
			);
			path = Classes;
			sourceTree = "<group>";
		};
		111EC9F8113CA572001F9C71 /* DRModel */ = {
			isa = PBXGroup;
			children = (
				111EC9FF113CA572001F9C71 /* DRModel.h */,
				111ECA00113CA572001F9C71 /* DRModel.m */,
				111EC9F9113CA572001F9C71 /* _DRModel.h */,
				111EC9FA113CA572001F9C71 /* _DRModel.m */,
				111ECA01113CA572001F9C71 /* DRModelConstants.h */,
				111EC9FB113CA572001F9C71 /* DRGetImageOperation.h */,
				111EC9FC113CA572001F9C71 /* DRGetImageOperation.m */,
				111EC9FD113CA572001F9C71 /* DRGetJSONOperation.h */,
				111EC9FE113CA572001F9C71 /* DRGetJSONOperation.m */,
				111ECA02113CA572001F9C71 /* SynthesizeSingleton.h */,
			);
			name = DRModel;
			path = ../DRModel;
			sourceTree = SOURCE_ROOT;
		};
		111ECA08113CA596001F9C71 /* JSON */ = {
			isa = PBXGroup;
			children = (
				111ECA09113CA596001F9C71 /* JSON.h */,
				111ECA0A113CA596001F9C71 /* NSObject+SBJSON.h */,
				111ECA0B113CA596001F9C71 /* NSObject+SBJSON.m */,
				111ECA0C113CA596001F9C71 /* NSString+SBJSON.h */,
				111ECA0D113CA596001F9C71 /* NSString+SBJSON.m */,
				111ECA0E113CA596001F9C71 /* SBJSON.h */,
				111ECA0F113CA596001F9C71 /* SBJSON.m */,
				111ECA10113CA596001F9C71 /* SBJsonBase.h */,
				111ECA11113CA596001F9C71 /* SBJsonBase.m */,
				111ECA12113CA596001F9C71 /* SBJsonParser.h */,
				111ECA13113CA596001F9C71 /* SBJsonParser.m */,
				111ECA14113CA596001F9C71 /* SBJsonWriter.h */,
				111ECA15113CA596001F9C71 /* SBJsonWriter.m */,
			);
			name = JSON;
			path = ../JSON;
			sourceTree = SOURCE_ROOT;
		};
		19C28FACFE9D520D11CA2CBB /* Products */ = {
			isa = PBXGroup;
			children = (
				1D6058910D05DD3D006BFB54 /* TestProject.app */,
			);
			name = Products;
			sourceTree = "<group>";
		};
		29B97314FDCFA39411CA2CEA /* CustomTemplate */ = {
			isa = PBXGroup;
			children = (
				080E96DDFE201D6D7F000001 /* Classes */,
				29B97315FDCFA39411CA2CEA /* Other Sources */,
				29B97317FDCFA39411CA2CEA /* Resources */,
				29B97323FDCFA39411CA2CEA /* Frameworks */,
				19C28FACFE9D520D11CA2CBB /* Products */,
			);
			name = CustomTemplate;
			sourceTree = "<group>";
		};
		29B97315FDCFA39411CA2CEA /* Other Sources */ = {
			isa = PBXGroup;
			children = (
				32CA4F630368D1EE00C91783 /* TestProject_Prefix.pch */,
				29B97316FDCFA39411CA2CEA /* main.m */,
			);
			name = "Other Sources";
			sourceTree = "<group>";
		};
		29B97317FDCFA39411CA2CEA /* Resources */ = {
			isa = PBXGroup;
			children = (
				111ECAB1113CADC0001F9C71 /* error-loading.png */,
				2899E5210DE3E06400AC0155 /* TestProjectViewController.xib */,
				28AD733E0D9D9553002E5188 /* MainWindow.xib */,
				8D1107310486CEB800E47090 /* TestProject-Info.plist */,
			);
			name = Resources;
			sourceTree = "<group>";
		};
		29B97323FDCFA39411CA2CEA /* Frameworks */ = {
			isa = PBXGroup;
			children = (
				1DF5F4DF0D08C38300B7A737 /* UIKit.framework */,
				1D30AB110D05D00D00671497 /* Foundation.framework */,
				288765A40DF7441C002DB57D /* CoreGraphics.framework */,
			);
			name = Frameworks;
			sourceTree = "<group>";
		};
/* End PBXGroup section */

/* Begin PBXNativeTarget section */
		1D6058900D05DD3D006BFB54 /* TestProject */ = {
			isa = PBXNativeTarget;
			buildConfigurationList = 1D6058960D05DD3E006BFB54 /* Build configuration list for PBXNativeTarget "TestProject" */;
			buildPhases = (
				1D60588D0D05DD3D006BFB54 /* Resources */,
				1D60588E0D05DD3D006BFB54 /* Sources */,
				1D60588F0D05DD3D006BFB54 /* Frameworks */,
			);
			buildRules = (
			);
			dependencies = (
			);
			name = TestProject;
			productName = TestProject;
			productReference = 1D6058910D05DD3D006BFB54 /* TestProject.app */;
			productType = "com.apple.product-type.application";
		};
/* End PBXNativeTarget section */

/* Begin PBXProject section */
		29B97313FDCFA39411CA2CEA /* Project object */ = {
			isa = PBXProject;
			buildConfigurationList = C01FCF4E08A954540054247B /* Build configuration list for PBXProject "TestProject" */;
			compatibilityVersion = "Xcode 3.1";
			hasScannedForEncodings = 1;
			mainGroup = 29B97314FDCFA39411CA2CEA /* CustomTemplate */;
			projectDirPath = "";
			projectRoot = "";
			targets = (
				1D6058900D05DD3D006BFB54 /* TestProject */,
			);
		};
/* End PBXProject section */

/* Begin PBXResourcesBuildPhase section */
		1D60588D0D05DD3D006BFB54 /* Resources */ = {
			isa = PBXResourcesBuildPhase;
			buildActionMask = 2147483647;
			files = (
				28AD733F0D9D9553002E5188 /* MainWindow.xib in Resources */,
				2899E5220DE3E06400AC0155 /* TestProjectViewController.xib in Resources */,
				111ECAB2113CADC0001F9C71 /* error-loading.png in Resources */,
			);
			runOnlyForDeploymentPostprocessing = 0;
		};
/* End PBXResourcesBuildPhase section */

/* Begin PBXSourcesBuildPhase section */
		1D60588E0D05DD3D006BFB54 /* Sources */ = {
			isa = PBXSourcesBuildPhase;
			buildActionMask = 2147483647;
			files = (
				1D60589B0D05DD56006BFB54 /* main.m in Sources */,
				1D3623260D0F684500981E51 /* TestProjectAppDelegate.m in Sources */,
				28D7ACF80DDB3853001CB0EB /* TestProjectViewController.m in Sources */,
				111ECA04113CA572001F9C71 /* _DRModel.m in Sources */,
				111ECA05113CA572001F9C71 /* DRGetImageOperation.m in Sources */,
				111ECA06113CA572001F9C71 /* DRGetJSONOperation.m in Sources */,
				111ECA07113CA572001F9C71 /* DRModel.m in Sources */,
				111ECA16113CA596001F9C71 /* NSObject+SBJSON.m in Sources */,
				111ECA17113CA596001F9C71 /* NSString+SBJSON.m in Sources */,
				111ECA18113CA596001F9C71 /* SBJSON.m in Sources */,
				111ECA19113CA596001F9C71 /* SBJsonBase.m in Sources */,
				111ECA1A113CA596001F9C71 /* SBJsonParser.m in Sources */,
				111ECA1B113CA596001F9C71 /* SBJsonWriter.m in Sources */,
			);
			runOnlyForDeploymentPostprocessing = 0;
		};
/* End PBXSourcesBuildPhase section */

/* Begin XCBuildConfiguration section */
		1D6058940D05DD3E006BFB54 /* Debug */ = {
			isa = XCBuildConfiguration;
			buildSettings = {
				ALWAYS_SEARCH_USER_PATHS = NO;
				COPY_PHASE_STRIP = NO;
				GCC_DYNAMIC_NO_PIC = NO;
				GCC_OPTIMIZATION_LEVEL = 0;
				GCC_PRECOMPILE_PREFIX_HEADER = YES;
				GCC_PREFIX_HEADER = TestProject_Prefix.pch;
				INFOPLIST_FILE = "TestProject-Info.plist";
				PRODUCT_NAME = TestProject;
			};
			name = Debug;
		};
		1D6058950D05DD3E006BFB54 /* Release */ = {
			isa = XCBuildConfiguration;
			buildSettings = {
				ALWAYS_SEARCH_USER_PATHS = NO;
				COPY_PHASE_STRIP = YES;
				GCC_PRECOMPILE_PREFIX_HEADER = YES;
				GCC_PREFIX_HEADER = TestProject_Prefix.pch;
				INFOPLIST_FILE = "TestProject-Info.plist";
				PRODUCT_NAME = TestProject;
			};
			name = Release;
		};
		C01FCF4F08A954540054247B /* Debug */ = {
			isa = XCBuildConfiguration;
			buildSettings = {
				ARCHS = "$(ARCHS_STANDARD_32_BIT)";
				"CODE_SIGN_IDENTITY[sdk=iphoneos*]" = "iPhone Developer";
				GCC_C_LANGUAGE_STANDARD = c99;
				GCC_WARN_ABOUT_RETURN_TYPE = YES;
				GCC_WARN_UNUSED_VARIABLE = YES;
				PREBINDING = NO;
				SDKROOT = iphoneos3.1.3;
			};
			name = Debug;
		};
		C01FCF5008A954540054247B /* Release */ = {
			isa = XCBuildConfiguration;
			buildSettings = {
				ARCHS = "$(ARCHS_STANDARD_32_BIT)";
				"CODE_SIGN_IDENTITY[sdk=iphoneos*]" = "iPhone Developer";
				GCC_C_LANGUAGE_STANDARD = c99;
				GCC_WARN_ABOUT_RETURN_TYPE = YES;
				GCC_WARN_UNUSED_VARIABLE = YES;
				PREBINDING = NO;
				SDKROOT = iphoneos3.1.3;
			};
			name = Release;
		};
/* End XCBuildConfiguration section */

/* Begin XCConfigurationList section */
		1D6058960D05DD3E006BFB54 /* Build configuration list for PBXNativeTarget "TestProject" */ = {
			isa = XCConfigurationList;
			buildConfigurations = (
				1D6058940D05DD3E006BFB54 /* Debug */,
				1D6058950D05DD3E006BFB54 /* Release */,
			);
			defaultConfigurationIsVisible = 0;
			defaultConfigurationName = Release;
		};
		C01FCF4E08A954540054247B /* Build configuration list for PBXProject "TestProject" */ = {
			isa = XCConfigurationList;
			buildConfigurations = (
				C01FCF4F08A954540054247B /* Debug */,
				C01FCF5008A954540054247B /* Release */,
			);
			defaultConfigurationIsVisible = 0;
			defaultConfigurationName = Release;
		};
/* End XCConfigurationList section */
	};
	rootObject = 29B97313FDCFA39411CA2CEA /* Project object */;
}
